
Microsoft Visual Studio Solution File, Format Version 12.00
# Visual Studio 15
VisualStudioVersion = 15.0.27130.2027
MinimumVisualStudioVersion = 10.0.40219.1
Project("{9A19103F-16F7-4668-BE54-9A1E7A4F7556}") = "EVETrader.Api", "EVETrader.Api\EVETrader.Api.csproj", "{B4D803A3-9682-490D-B50B-491595882AE8}"
EndProject
Project("{9A19103F-16F7-4668-BE54-9A1E7A4F7556}") = "EVETrader.Core", "EVETrader.Core\EVETrader.Core.csproj", "{B2219456-31CD-43B9-829F-6BF039654D8E}"
EndProject
Project("{FAE04EC0-301F-11D3-BF4B-00C04F79EFBC}") = "XUnitTestProject", "XUnitTestProject\XUnitTestProject.csproj", "{71A18E5F-D073-4E24-8E40-870AC8870F80}"
EndProject
Global
	GlobalSection(SolutionConfigurationPlatforms) = preSolution
		Debug|Any CPU = Debug|Any CPU
		Release|Any CPU = Release|Any CPU
	EndGlobalSection
	GlobalSection(ProjectConfigurationPlatforms) = postSolution
		{B4D803A3-9682-490D-B50B-491595882AE8}.Debug|Any CPU.ActiveCfg = Debug|Any CPU
		{B4D803A3-9682-490D-B50B-491595882AE8}.Debug|Any CPU.Build.0 = Debug|Any CPU
		{B4D803A3-9682-490D-B50B-491595882AE8}.Release|Any CPU.ActiveCfg = Release|Any CPU
		{B4D803A3-9682-490D-B50B-491595882AE8}.Release|Any CPU.Build.0 = Release|Any CPU
		{B2219456-31CD-43B9-829F-6BF039654D8E}.Debug|Any CPU.ActiveCfg = Debug|Any CPU
		{B2219456-31CD-43B9-829F-6BF039654D8E}.Debug|Any CPU.Build.0 = Debug|Any CPU
		{B2219456-31CD-43B9-829F-6BF039654D8E}.Release|Any CPU.ActiveCfg = Release|Any CPU
		{B2219456-31CD-43B9-829F-6BF039654D8E}.Release|Any CPU.Build.0 = Release|Any CPU
		{71A18E5F-D073-4E24-8E40-870AC8870F80}.Debug|Any CPU.ActiveCfg = Debug|Any CPU
		{71A18E5F-D073-4E24-8E40-870AC8870F80}.Debug|Any CPU.Build.0 = Debug|Any CPU
		{71A18E5F-D073-4E24-8E40-870AC8870F80}.Release|Any CPU.ActiveCfg = Release|Any CPU
		{71A18E5F-D073-4E24-8E40-870AC8870F80}.Release|Any CPU.Build.0 = Release|Any CPU
	EndGlobalSection
	GlobalSection(SolutionProperties) = preSolution
		HideSolutionNode = FALSE
	EndGlobalSection
	GlobalSection(ExtensibilityGlobals) = postSolution
		SolutionGuid = {3643E7BF-19B6-4E1D-92F5-AA659C06EAA4}
	EndGlobalSection
EndGlobal
