
Microsoft Visual Studio Solution File, Format Version 12.00
# Visual Studio 15
VisualStudioVersion = 15.0.26730.15
MinimumVisualStudioVersion = 10.0.40219.1
Project("{FAE04EC0-301F-11D3-BF4B-00C04F79EFBC}") = "EVETrader.Web", "EVETrader.Web\EVETrader.Web.csproj", "{D571F5E9-B8F9-46C1-93E1-7F4B08542F64}"
EndProject
Project("{FAE04EC0-301F-11D3-BF4B-00C04F79EFBC}") = "EVETrader.Api", "EVETrader.Api\EVETrader.Api.csproj", "{086CD679-B18A-4CD2-A9CC-F4956473FF29}"
EndProject
Global
	GlobalSection(SolutionConfigurationPlatforms) = preSolution
		Debug|Any CPU = Debug|Any CPU
		Release|Any CPU = Release|Any CPU
	EndGlobalSection
	GlobalSection(ProjectConfigurationPlatforms) = postSolution
		{D571F5E9-B8F9-46C1-93E1-7F4B08542F64}.Debug|Any CPU.ActiveCfg = Debug|Any CPU
		{D571F5E9-B8F9-46C1-93E1-7F4B08542F64}.Debug|Any CPU.Build.0 = Debug|Any CPU
		{D571F5E9-B8F9-46C1-93E1-7F4B08542F64}.Release|Any CPU.ActiveCfg = Release|Any CPU
		{D571F5E9-B8F9-46C1-93E1-7F4B08542F64}.Release|Any CPU.Build.0 = Release|Any CPU
		{086CD679-B18A-4CD2-A9CC-F4956473FF29}.Debug|Any CPU.ActiveCfg = Debug|Any CPU
		{086CD679-B18A-4CD2-A9CC-F4956473FF29}.Debug|Any CPU.Build.0 = Debug|Any CPU
		{086CD679-B18A-4CD2-A9CC-F4956473FF29}.Release|Any CPU.ActiveCfg = Release|Any CPU
		{086CD679-B18A-4CD2-A9CC-F4956473FF29}.Release|Any CPU.Build.0 = Release|Any CPU
	EndGlobalSection
	GlobalSection(SolutionProperties) = preSolution
		HideSolutionNode = FALSE
	EndGlobalSection
	GlobalSection(ExtensibilityGlobals) = postSolution
		SolutionGuid = {EE5B171B-ED2C-4BCD-9A28-7B836B22795E}
	EndGlobalSection
EndGlobal
